
Microsoft Visual Studio Solution File, Format Version 12.00
# Visual Studio Version 16
VisualStudioVersion = 16.0.30907.101
MinimumVisualStudioVersion = 10.0.40219.1
Project("{9A19103F-16F7-4668-BE54-9A1E7A4F7556}") = "simple-minio-api", "simple-minio-api\simple-minio-api.csproj", "{B62747D0-EB53-41FD-9D5A-FFD8E0EEDCD1}"
EndProject
Global
	GlobalSection(SolutionConfigurationPlatforms) = preSolution
		Debug|Any CPU = Debug|Any CPU
		Release|Any CPU = Release|Any CPU
	EndGlobalSection
	GlobalSection(ProjectConfigurationPlatforms) = postSolution
		{B62747D0-EB53-41FD-9D5A-FFD8E0EEDCD1}.Debug|Any CPU.ActiveCfg = Debug|Any CPU
		{B62747D0-EB53-41FD-9D5A-FFD8E0EEDCD1}.Debug|Any CPU.Build.0 = Debug|Any CPU
		{B62747D0-EB53-41FD-9D5A-FFD8E0EEDCD1}.Release|Any CPU.ActiveCfg = Release|Any CPU
		{B62747D0-EB53-41FD-9D5A-FFD8E0EEDCD1}.Release|Any CPU.Build.0 = Release|Any CPU
	EndGlobalSection
	GlobalSection(SolutionProperties) = preSolution
		HideSolutionNode = FALSE
	EndGlobalSection
	GlobalSection(ExtensibilityGlobals) = postSolution
		SolutionGuid = {80572B63-78BE-4CD4-B771-F5A1E8FDF793}
	EndGlobalSection
EndGlobal
